
Microsoft Visual Studio Solution File, Format Version 12.00
# Visual Studio Version 17
VisualStudioVersion = 17.14.36429.23 d17.14
MinimumVisualStudioVersion = 10.0.40219.1
Project("{FAE04EC0-301F-11D3-BF4B-00C04F79EFBC}") = "CSharpToDoList", "CSharpToDoList\CSharpToDoList.csproj", "{3915A780-1009-46D5-A7A9-6BC030D03298}"
EndProject
Global
	GlobalSection(SolutionConfigurationPlatforms) = preSolution
		Debug|Any CPU = Debug|Any CPU
		Release|Any CPU = Release|Any CPU
	EndGlobalSection
	GlobalSection(ProjectConfigurationPlatforms) = postSolution
		{3915A780-1009-46D5-A7A9-6BC030D03298}.Debug|Any CPU.ActiveCfg = Debug|Any CPU
		{3915A780-1009-46D5-A7A9-6BC030D03298}.Debug|Any CPU.Build.0 = Debug|Any CPU
		{3915A780-1009-46D5-A7A9-6BC030D03298}.Release|Any CPU.ActiveCfg = Release|Any CPU
		{3915A780-1009-46D5-A7A9-6BC030D03298}.Release|Any CPU.Build.0 = Release|Any CPU
	EndGlobalSection
	GlobalSection(SolutionProperties) = preSolution
		HideSolutionNode = FALSE
	EndGlobalSection
	GlobalSection(ExtensibilityGlobals) = postSolution
		SolutionGuid = {C596CA4B-AEB2-4ACF-9AD5-690BAE10ECF1}
	EndGlobalSection
EndGlobal
